
Microsoft Visual Studio Solution File, Format Version 12.00
# Visual Studio Version 17
VisualStudioVersion = 17.5.002.0
MinimumVisualStudioVersion = 10.0.40219.1
Project("{9A19103F-16F7-4668-BE54-9A1E7A4F7556}") = "DiscordBot", "DiscordBot\DiscordBot.csproj", "{388639D8-976F-4B14-979C-7D92C18ED813}"
EndProject
Global
	GlobalSection(SolutionConfigurationPlatforms) = preSolution
		Debug|Any CPU = Debug|Any CPU
		Release|Any CPU = Release|Any CPU
	EndGlobalSection
	GlobalSection(ProjectConfigurationPlatforms) = postSolution
		{388639D8-976F-4B14-979C-7D92C18ED813}.Debug|Any CPU.ActiveCfg = Debug|Any CPU
		{388639D8-976F-4B14-979C-7D92C18ED813}.Debug|Any CPU.Build.0 = Debug|Any CPU
		{388639D8-976F-4B14-979C-7D92C18ED813}.Release|Any CPU.ActiveCfg = Release|Any CPU
		{388639D8-976F-4B14-979C-7D92C18ED813}.Release|Any CPU.Build.0 = Release|Any CPU
	EndGlobalSection
	GlobalSection(SolutionProperties) = preSolution
		HideSolutionNode = FALSE
	EndGlobalSection
	GlobalSection(ExtensibilityGlobals) = postSolution
		SolutionGuid = {88BE5EC3-89AA-4D4A-88B2-035BE773F69E}
	EndGlobalSection
EndGlobal
